{
    "version": 1,
    "downloads": {
        "4c186a7d5df2d39b2a2a4076e3df0666a678111d491cbacf7428efdcbca0f784": "217ef8071befb28441e0ef7fb68a2216a3b9e30f7d39c1ed832341dfe6f43188",
        "a17a45c0a5012fb12f16ae35b3253526422e8d26c10c5abaf73ffb16a2f958c4": "ce34ddd838f7351d6759068d09793f26755463b4a4610a5a5c0a97b68220d85c",
        "df39d3ad907735a7605f8e56b9d4057143428e198a57e2d6d2192b311f5d9254": "ce34ddd838f7351d6759068d09793f26755463b4a4610a5a5c0a97b68220d85c"
    }
}
